
Microsoft Visual Studio Solution File, Format Version 12.00
# Visual Studio Version 17
VisualStudioVersion = 17.5.33530.505
MinimumVisualStudioVersion = 10.0.40219.1
Project("{9A19103F-16F7-4668-BE54-9A1E7A4F7556}") = "C#練習", "C#練習.csproj", "{0CF06C81-BC31-48B7-879E-04E1935A24E3}"
EndProject
Project("{FAE04EC0-301F-11D3-BF4B-00C04F79EFBC}") = "abstract抽象類別", "..\abstract抽象類別\abstract抽象類別.csproj", "{544F8D98-0F01-47A2-8829-33BED323EF4B}"
EndProject
Project("{FAE04EC0-301F-11D3-BF4B-00C04F79EFBC}") = "Interface介面", "..\Interface介面\Interface介面.csproj", "{D8C2109E-347C-4CC0-9178-0E5F616D1425}"
EndProject
Project("{FAE04EC0-301F-11D3-BF4B-00C04F79EFBC}") = "Enum列舉型別", "..\Enum列舉型別\Enum列舉型別.csproj", "{B66001D0-B54A-44B4-957C-6D6E380BCEB7}"
EndProject
Project("{FAE04EC0-301F-11D3-BF4B-00C04F79EFBC}") = "擴充方法", "..\擴充方法\擴充方法.csproj", "{52E88FF2-EFB4-4CBE-AAA3-542E2E85F893}"
EndProject
Project("{FAE04EC0-301F-11D3-BF4B-00C04F79EFBC}") = "ValueTuple", "..\ValueTuple\ValueTuple.csproj", "{1DFFC384-98DE-40E1-BDB9-8F330570D468}"
EndProject
Project("{FAE04EC0-301F-11D3-BF4B-00C04F79EFBC}") = "delegate委派", "..\delegate委派\delegate委派.csproj", "{067FDF8B-DCC8-4F8E-94FF-25AE491E4FE8}"
EndProject
Project("{FAE04EC0-301F-11D3-BF4B-00C04F79EFBC}") = "delegate委派-打折練習", "..\delegate委派-打折練習\delegate委派-打折練習.csproj", "{4D6B213C-9FE6-44B7-A945-9E9CD5C3755A}"
EndProject
Project("{FAE04EC0-301F-11D3-BF4B-00C04F79EFBC}") = "員工薪水計算", "..\員工薪水計算\員工薪水計算.csproj", "{4A682CD0-E6BD-4987-A13B-C73B4B919D68}"
EndProject
Project("{2150E333-8FDC-42A3-9474-1A3956D46DE8}") = "骰子遊戲", "骰子遊戲", "{3B27B432-DC15-473F-9956-9BC9F3B8A9ED}"
EndProject
Project("{FAE04EC0-301F-11D3-BF4B-00C04F79EFBC}") = "study.test", "..\study.test\study.test.csproj", "{B289C0E4-3748-4DDB-A3F4-49EE2DDFC8C3}"
EndProject
Project("{2150E333-8FDC-42A3-9474-1A3956D46DE8}") = "課程練習", "課程練習", "{9E9725F5-2014-4919-974F-2075E2A5335E}"
EndProject
Project("{FAE04EC0-301F-11D3-BF4B-00C04F79EFBC}") = "Lance.DiceGame", "..\Lance.DiceGame\Lance.DiceGame.csproj", "{37770F92-28B2-4EA0-807E-4794247DEA22}"
EndProject
Project("{9A19103F-16F7-4668-BE54-9A1E7A4F7556}") = "Lance.DiceGame.App", "..\Lance.DiceGame.App\Lance.DiceGame.App.csproj", "{78F534A1-2476-4EF0-8B26-D0FF65256ECE}"
EndProject
Project("{FAE04EC0-301F-11D3-BF4B-00C04F79EFBC}") = "請假時間計算", "..\請假時間計算\請假時間計算.csproj", "{E1C72DBB-534D-44C1-978A-3AB3682015BE}"
EndProject
Project("{2150E333-8FDC-42A3-9474-1A3956D46DE8}") = "同學成績計算", "同學成績計算", "{7F5E0B57-3FAB-4F86-A72A-D6BB8453E45C}"
EndProject
Project("{FAE04EC0-301F-11D3-BF4B-00C04F79EFBC}") = "同學成績計算", "..\同學成績計算\同學成績計算.csproj", "{6E0ADC6E-388B-4A96-AFA5-63A09E67A16A}"
EndProject
Global
	GlobalSection(SolutionConfigurationPlatforms) = preSolution
		Debug|Any CPU = Debug|Any CPU
		Release|Any CPU = Release|Any CPU
	EndGlobalSection
	GlobalSection(ProjectConfigurationPlatforms) = postSolution
		{0CF06C81-BC31-48B7-879E-04E1935A24E3}.Debug|Any CPU.ActiveCfg = Debug|Any CPU
		{0CF06C81-BC31-48B7-879E-04E1935A24E3}.Debug|Any CPU.Build.0 = Debug|Any CPU
		{0CF06C81-BC31-48B7-879E-04E1935A24E3}.Release|Any CPU.ActiveCfg = Release|Any CPU
		{0CF06C81-BC31-48B7-879E-04E1935A24E3}.Release|Any CPU.Build.0 = Release|Any CPU
		{544F8D98-0F01-47A2-8829-33BED323EF4B}.Debug|Any CPU.ActiveCfg = Debug|Any CPU
		{544F8D98-0F01-47A2-8829-33BED323EF4B}.Debug|Any CPU.Build.0 = Debug|Any CPU
		{544F8D98-0F01-47A2-8829-33BED323EF4B}.Release|Any CPU.ActiveCfg = Release|Any CPU
		{544F8D98-0F01-47A2-8829-33BED323EF4B}.Release|Any CPU.Build.0 = Release|Any CPU
		{D8C2109E-347C-4CC0-9178-0E5F616D1425}.Debug|Any CPU.ActiveCfg = Debug|Any CPU
		{D8C2109E-347C-4CC0-9178-0E5F616D1425}.Debug|Any CPU.Build.0 = Debug|Any CPU
		{D8C2109E-347C-4CC0-9178-0E5F616D1425}.Release|Any CPU.ActiveCfg = Release|Any CPU
		{D8C2109E-347C-4CC0-9178-0E5F616D1425}.Release|Any CPU.Build.0 = Release|Any CPU
		{B66001D0-B54A-44B4-957C-6D6E380BCEB7}.Debug|Any CPU.ActiveCfg = Debug|Any CPU
		{B66001D0-B54A-44B4-957C-6D6E380BCEB7}.Debug|Any CPU.Build.0 = Debug|Any CPU
		{B66001D0-B54A-44B4-957C-6D6E380BCEB7}.Release|Any CPU.ActiveCfg = Release|Any CPU
		{B66001D0-B54A-44B4-957C-6D6E380BCEB7}.Release|Any CPU.Build.0 = Release|Any CPU
		{52E88FF2-EFB4-4CBE-AAA3-542E2E85F893}.Debug|Any CPU.ActiveCfg = Debug|Any CPU
		{52E88FF2-EFB4-4CBE-AAA3-542E2E85F893}.Debug|Any CPU.Build.0 = Debug|Any CPU
		{52E88FF2-EFB4-4CBE-AAA3-542E2E85F893}.Release|Any CPU.ActiveCfg = Release|Any CPU
		{52E88FF2-EFB4-4CBE-AAA3-542E2E85F893}.Release|Any CPU.Build.0 = Release|Any CPU
		{1DFFC384-98DE-40E1-BDB9-8F330570D468}.Debug|Any CPU.ActiveCfg = Debug|Any CPU
		{1DFFC384-98DE-40E1-BDB9-8F330570D468}.Debug|Any CPU.Build.0 = Debug|Any CPU
		{1DFFC384-98DE-40E1-BDB9-8F330570D468}.Release|Any CPU.ActiveCfg = Release|Any CPU
		{1DFFC384-98DE-40E1-BDB9-8F330570D468}.Release|Any CPU.Build.0 = Release|Any CPU
		{067FDF8B-DCC8-4F8E-94FF-25AE491E4FE8}.Debug|Any CPU.ActiveCfg = Debug|Any CPU
		{067FDF8B-DCC8-4F8E-94FF-25AE491E4FE8}.Debug|Any CPU.Build.0 = Debug|Any CPU
		{067FDF8B-DCC8-4F8E-94FF-25AE491E4FE8}.Release|Any CPU.ActiveCfg = Release|Any CPU
		{067FDF8B-DCC8-4F8E-94FF-25AE491E4FE8}.Release|Any CPU.Build.0 = Release|Any CPU
		{4D6B213C-9FE6-44B7-A945-9E9CD5C3755A}.Debug|Any CPU.ActiveCfg = Debug|Any CPU
		{4D6B213C-9FE6-44B7-A945-9E9CD5C3755A}.Debug|Any CPU.Build.0 = Debug|Any CPU
		{4D6B213C-9FE6-44B7-A945-9E9CD5C3755A}.Release|Any CPU.ActiveCfg = Release|Any CPU
		{4D6B213C-9FE6-44B7-A945-9E9CD5C3755A}.Release|Any CPU.Build.0 = Release|Any CPU
		{4A682CD0-E6BD-4987-A13B-C73B4B919D68}.Debug|Any CPU.ActiveCfg = Debug|Any CPU
		{4A682CD0-E6BD-4987-A13B-C73B4B919D68}.Debug|Any CPU.Build.0 = Debug|Any CPU
		{4A682CD0-E6BD-4987-A13B-C73B4B919D68}.Release|Any CPU.ActiveCfg = Release|Any CPU
		{4A682CD0-E6BD-4987-A13B-C73B4B919D68}.Release|Any CPU.Build.0 = Release|Any CPU
		{B289C0E4-3748-4DDB-A3F4-49EE2DDFC8C3}.Debug|Any CPU.ActiveCfg = Debug|Any CPU
		{B289C0E4-3748-4DDB-A3F4-49EE2DDFC8C3}.Debug|Any CPU.Build.0 = Debug|Any CPU
		{B289C0E4-3748-4DDB-A3F4-49EE2DDFC8C3}.Release|Any CPU.ActiveCfg = Release|Any CPU
		{B289C0E4-3748-4DDB-A3F4-49EE2DDFC8C3}.Release|Any CPU.Build.0 = Release|Any CPU
		{37770F92-28B2-4EA0-807E-4794247DEA22}.Debug|Any CPU.ActiveCfg = Debug|Any CPU
		{37770F92-28B2-4EA0-807E-4794247DEA22}.Debug|Any CPU.Build.0 = Debug|Any CPU
		{37770F92-28B2-4EA0-807E-4794247DEA22}.Release|Any CPU.ActiveCfg = Release|Any CPU
		{37770F92-28B2-4EA0-807E-4794247DEA22}.Release|Any CPU.Build.0 = Release|Any CPU
		{78F534A1-2476-4EF0-8B26-D0FF65256ECE}.Debug|Any CPU.ActiveCfg = Debug|Any CPU
		{78F534A1-2476-4EF0-8B26-D0FF65256ECE}.Debug|Any CPU.Build.0 = Debug|Any CPU
		{78F534A1-2476-4EF0-8B26-D0FF65256ECE}.Release|Any CPU.ActiveCfg = Release|Any CPU
		{78F534A1-2476-4EF0-8B26-D0FF65256ECE}.Release|Any CPU.Build.0 = Release|Any CPU
		{E1C72DBB-534D-44C1-978A-3AB3682015BE}.Debug|Any CPU.ActiveCfg = Debug|Any CPU
		{E1C72DBB-534D-44C1-978A-3AB3682015BE}.Debug|Any CPU.Build.0 = Debug|Any CPU
		{E1C72DBB-534D-44C1-978A-3AB3682015BE}.Release|Any CPU.ActiveCfg = Release|Any CPU
		{E1C72DBB-534D-44C1-978A-3AB3682015BE}.Release|Any CPU.Build.0 = Release|Any CPU
		{6E0ADC6E-388B-4A96-AFA5-63A09E67A16A}.Debug|Any CPU.ActiveCfg = Debug|Any CPU
		{6E0ADC6E-388B-4A96-AFA5-63A09E67A16A}.Debug|Any CPU.Build.0 = Debug|Any CPU
		{6E0ADC6E-388B-4A96-AFA5-63A09E67A16A}.Release|Any CPU.ActiveCfg = Release|Any CPU
		{6E0ADC6E-388B-4A96-AFA5-63A09E67A16A}.Release|Any CPU.Build.0 = Release|Any CPU
	EndGlobalSection
	GlobalSection(SolutionProperties) = preSolution
		HideSolutionNode = FALSE
	EndGlobalSection
	GlobalSection(NestedProjects) = preSolution
		{0CF06C81-BC31-48B7-879E-04E1935A24E3} = {9E9725F5-2014-4919-974F-2075E2A5335E}
		{B289C0E4-3748-4DDB-A3F4-49EE2DDFC8C3} = {9E9725F5-2014-4919-974F-2075E2A5335E}
		{37770F92-28B2-4EA0-807E-4794247DEA22} = {3B27B432-DC15-473F-9956-9BC9F3B8A9ED}
		{78F534A1-2476-4EF0-8B26-D0FF65256ECE} = {3B27B432-DC15-473F-9956-9BC9F3B8A9ED}
		{E1C72DBB-534D-44C1-978A-3AB3682015BE} = {9E9725F5-2014-4919-974F-2075E2A5335E}
		{6E0ADC6E-388B-4A96-AFA5-63A09E67A16A} = {7F5E0B57-3FAB-4F86-A72A-D6BB8453E45C}
	EndGlobalSection
	GlobalSection(ExtensibilityGlobals) = postSolution
		SolutionGuid = {74B1B969-F74E-4B12-891F-39FD858E9E43}
	EndGlobalSection
EndGlobal
